// !$*UTF8*$!
{
	archiveVersion = 1;
	classes = {
	};
	objectVersion = 46;
	objects = {

/* Begin PBXBuildFile section */
		EC0DE7641E7787A400BD5E81 /* Student.swift in Sources */ = {isa = PBXBuildFile; fileRef = EC0DE7631E7787A400BD5E81 /* Student.swift */; };
		EC6DE0AD1E7684AA00EF23EE /* AppDelegate.swift in Sources */ = {isa = PBXBuildFile; fileRef = EC6DE0AC1E7684AA00EF23EE /* AppDelegate.swift */; };
		EC6DE0AF1E7684AA00EF23EE /* ViewController.swift in Sources */ = {isa = PBXBuildFile; fileRef = EC6DE0AE1E7684AA00EF23EE /* ViewController.swift */; };
		EC6DE0B21E7684AA00EF23EE /* Main.storyboard in Resources */ = {isa = PBXBuildFile; fileRef = EC6DE0B01E7684AA00EF23EE /* Main.storyboard */; };
		EC6DE0B41E7684AA00EF23EE /* Assets.xcassets in Resources */ = {isa = PBXBuildFile; fileRef = EC6DE0B31E7684AA00EF23EE /* Assets.xcassets */; };
		EC6DE0B71E7684AA00EF23EE /* LaunchScreen.storyboard in Resources */ = {isa = PBXBuildFile; fileRef = EC6DE0B51E7684AA00EF23EE /* LaunchScreen.storyboard */; };
		ECA344851E76A314008221D9 /* Person.swift in Sources */ = {isa = PBXBuildFile; fileRef = ECA344841E76A314008221D9 /* Person.swift */; };
/* End PBXBuildFile section */

/* Begin PBXFileReference section */
		EC0DE7631E7787A400BD5E81 /* Student.swift */ = {isa = PBXFileReference; fileEncoding = 4; lastKnownFileType = sourcecode.swift; path = Student.swift; sourceTree = "<group>"; };
		EC6DE0A91E7684AA00EF23EE /* Swift_Animation.app */ = {isa = PBXFileReference; explicitFileType = wrapper.application; includeInIndex = 0; path = Swift_Animation.app; sourceTree = BUILT_PRODUCTS_DIR; };
		EC6DE0AC1E7684AA00EF23EE /* AppDelegate.swift */ = {isa = PBXFileReference; lastKnownFileType = sourcecode.swift; path = AppDelegate.swift; sourceTree = "<group>"; };
		EC6DE0AE1E7684AA00EF23EE /* ViewController.swift */ = {isa = PBXFileReference; lastKnownFileType = sourcecode.swift; path = ViewController.swift; sourceTree = "<group>"; };
		EC6DE0B11E7684AA00EF23EE /* Base */ = {isa = PBXFileReference; lastKnownFileType = file.storyboard; name = Base; path = Base.lproj/Main.storyboard; sourceTree = "<group>"; };
		EC6DE0B31E7684AA00EF23EE /* Assets.xcassets */ = {isa = PBXFileReference; lastKnownFileType = folder.assetcatalog; path = Assets.xcassets; sourceTree = "<group>"; };
		EC6DE0B61E7684AA00EF23EE /* Base */ = {isa = PBXFileReference; lastKnownFileType = file.storyboard; name = Base; path = Base.lproj/LaunchScreen.storyboard; sourceTree = "<group>"; };
		EC6DE0B81E7684AA00EF23EE /* Info.plist */ = {isa = PBXFileReference; lastKnownFileType = text.plist.xml; path = Info.plist; sourceTree = "<group>"; };
		ECA344841E76A314008221D9 /* Person.swift */ = {isa = PBXFileReference; fileEncoding = 4; lastKnownFileType = sourcecode.swift; path = Person.swift; sourceTree = "<group>"; };
/* End PBXFileReference section */

/* Begin PBXFrameworksBuildPhase section */
		EC6DE0A61E7684AA00EF23EE /* Frameworks */ = {
			isa = PBXFrameworksBuildPhase;
			buildActionMask = 2147483647;
			files = (
			);
			runOnlyForDeploymentPostprocessing = 0;
		};
/* End PBXFrameworksBuildPhase section */

/* Begin PBXGroup section */
		EC6DE0A01E7684AA00EF23EE = {
			isa = PBXGroup;
			children = (
				EC6DE0AB1E7684AA00EF23EE /* Swift_Animation */,
				EC6DE0AA1E7684AA00EF23EE /* Products */,
			);
			sourceTree = "<group>";
		};
		EC6DE0AA1E7684AA00EF23EE /* Products */ = {
			isa = PBXGroup;
			children = (
				EC6DE0A91E7684AA00EF23EE /* Swift_Animation.app */,
			);
			name = Products;
			sourceTree = "<group>";
		};
		EC6DE0AB1E7684AA00EF23EE /* Swift_Animation */ = {
			isa = PBXGroup;
			children = (
				EC6DE0AC1E7684AA00EF23EE /* AppDelegate.swift */,
				EC6DE0AE1E7684AA00EF23EE /* ViewController.swift */,
				ECA344841E76A314008221D9 /* Person.swift */,
				EC0DE7631E7787A400BD5E81 /* Student.swift */,
				EC6DE0B01E7684AA00EF23EE /* Main.storyboard */,
				EC6DE0B31E7684AA00EF23EE /* Assets.xcassets */,
				EC6DE0B51E7684AA00EF23EE /* LaunchScreen.storyboard */,
				EC6DE0B81E7684AA00EF23EE /* Info.plist */,
			);
			path = Swift_Animation;
			sourceTree = "<group>";
		};
/* End PBXGroup section */

/* Begin PBXNativeTarget section */
		EC6DE0A81E7684AA00EF23EE /* Swift_Animation */ = {
			isa = PBXNativeTarget;
			buildConfigurationList = EC6DE0BB1E7684AA00EF23EE /* Build configuration list for PBXNativeTarget "Swift_Animation" */;
			buildPhases = (
				EC6DE0A51E7684AA00EF23EE /* Sources */,
				EC6DE0A61E7684AA00EF23EE /* Frameworks */,
				EC6DE0A71E7684AA00EF23EE /* Resources */,
			);
			buildRules = (
			);
			dependencies = (
			);
			name = Swift_Animation;
			productName = Swift_Animation;
			productReference = EC6DE0A91E7684AA00EF23EE /* Swift_Animation.app */;
			productType = "com.apple.product-type.application";
		};
/* End PBXNativeTarget section */

/* Begin PBXProject section */
		EC6DE0A11E7684AA00EF23EE /* Project object */ = {
			isa = PBXProject;
			attributes = {
				LastSwiftUpdateCheck = 0820;
				LastUpgradeCheck = 0820;
				ORGANIZATIONNAME = Chenlu;
				TargetAttributes = {
					EC6DE0A81E7684AA00EF23EE = {
						CreatedOnToolsVersion = 8.2.1;
						ProvisioningStyle = Automatic;
					};
				};
			};
			buildConfigurationList = EC6DE0A41E7684AA00EF23EE /* Build configuration list for PBXProject "Swift_Animation" */;
			compatibilityVersion = "Xcode 3.2";
			developmentRegion = English;
			hasScannedForEncodings = 0;
			knownRegions = (
				en,
				Base,
			);
			mainGroup = EC6DE0A01E7684AA00EF23EE;
			productRefGroup = EC6DE0AA1E7684AA00EF23EE /* Products */;
			projectDirPath = "";
			projectRoot = "";
			targets = (
				EC6DE0A81E7684AA00EF23EE /* Swift_Animation */,
			);
		};
/* End PBXProject section */

/* Begin PBXResourcesBuildPhase section */
		EC6DE0A71E7684AA00EF23EE /* Resources */ = {
			isa = PBXResourcesBuildPhase;
			buildActionMask = 2147483647;
			files = (
				EC6DE0B71E7684AA00EF23EE /* LaunchScreen.storyboard in Resources */,
				EC6DE0B41E7684AA00EF23EE /* Assets.xcassets in Resources */,
				EC6DE0B21E7684AA00EF23EE /* Main.storyboard in Resources */,
			);
			runOnlyForDeploymentPostprocessing = 0;
		};
/* End PBXResourcesBuildPhase section */

/* Begin PBXSourcesBuildPhase section */
		EC6DE0A51E7684AA00EF23EE /* Sources */ = {
			isa = PBXSourcesBuildPhase;
			buildActionMask = 2147483647;
			files = (
				ECA344851E76A314008221D9 /* Person.swift in Sources */,
				EC6DE0AF1E7684AA00EF23EE /* ViewController.swift in Sources */,
				EC6DE0AD1E7684AA00EF23EE /* AppDelegate.swift in Sources */,
				EC0DE7641E7787A400BD5E81 /* Student.swift in Sources */,
			);
			runOnlyForDeploymentPostprocessing = 0;
		};
/* End PBXSourcesBuildPhase section */

/* Begin PBXVariantGroup section */
		EC6DE0B01E7684AA00EF23EE /* Main.storyboard */ = {
			isa = PBXVariantGroup;
			children = (
				EC6DE0B11E7684AA00EF23EE /* Base */,
			);
			name = Main.storyboard;
			sourceTree = "<group>";
		};
		EC6DE0B51E7684AA00EF23EE /* LaunchScreen.storyboard */ = {
			isa = PBXVariantGroup;
			children = (
				EC6DE0B61E7684AA00EF23EE /* Base */,
			);
			name = LaunchScreen.storyboard;
			sourceTree = "<group>";
		};
/* End PBXVariantGroup section */

/* Begin XCBuildConfiguration section */
		EC6DE0B91E7684AA00EF23EE /* Debug */ = {
			isa = XCBuildConfiguration;
			buildSettings = {
				ALWAYS_SEARCH_USER_PATHS = NO;
				CLANG_ANALYZER_NONNULL = YES;
				CLANG_CXX_LANGUAGE_STANDARD = "gnu++0x";
				CLANG_CXX_LIBRARY = "libc++";
				CLANG_ENABLE_MODULES = YES;
				CLANG_ENABLE_OBJC_ARC = YES;
				CLANG_WARN_BOOL_CONVERSION = YES;
				CLANG_WARN_CONSTANT_CONVERSION = YES;
				CLANG_WARN_DIRECT_OBJC_ISA_USAGE = YES_ERROR;
				CLANG_WARN_DOCUMENTATION_COMMENTS = YES;
				CLANG_WARN_EMPTY_BODY = YES;
				CLANG_WARN_ENUM_CONVERSION = YES;
				CLANG_WARN_INFINITE_RECURSION = YES;
				CLANG_WARN_INT_CONVERSION = YES;
				CLANG_WARN_OBJC_ROOT_CLASS = YES_ERROR;
				CLANG_WARN_SUSPICIOUS_MOVE = YES;
				CLANG_WARN_UNREACHABLE_CODE = YES;
				CLANG_WARN__DUPLICATE_METHOD_MATCH = YES;
				"CODE_SIGN_IDENTITY[sdk=iphoneos*]" = "iPhone Developer";
				COPY_PHASE_STRIP = NO;
				DEBUG_INFORMATION_FORMAT = dwarf;
				ENABLE_STRICT_OBJC_MSGSEND = YES;
				ENABLE_TESTABILITY = YES;
				GCC_C_LANGUAGE_STANDARD = gnu99;
				GCC_DYNAMIC_NO_PIC = NO;
				GCC_NO_COMMON_BLOCKS = YES;
				GCC_OPTIMIZATION_LEVEL = 0;
				GCC_PREPROCESSOR_DEFINITIONS = (
					"DEBUG=1",
					"$(inherited)",
				);
				GCC_WARN_64_TO_32_BIT_CONVERSION = YES;
				GCC_WARN_ABOUT_RETURN_TYPE = YES_ERROR;
				GCC_WARN_UNDECLARED_SELECTOR = YES;
				GCC_WARN_UNINITIALIZED_AUTOS = YES_AGGRESSIVE;
				GCC_WARN_UNUSED_FUNCTION = YES;
				GCC_WARN_UNUSED_VARIABLE = YES;
				IPHONEOS_DEPLOYMENT_TARGET = 10.2;
				MTL_ENABLE_DEBUG_INFO = YES;
				ONLY_ACTIVE_ARCH = YES;
				SDKROOT = iphoneos;
				SWIFT_ACTIVE_COMPILATION_CONDITIONS = DEBUG;
				SWIFT_OPTIMIZATION_LEVEL = "-Onone";
				TARGETED_DEVICE_FAMILY = "1,2";
			};
			name = Debug;
		};
		EC6DE0BA1E7684AA00EF23EE /* Release */ = {
			isa = XCBuildConfiguration;
			buildSettings = {
				ALWAYS_SEARCH_USER_PATHS = NO;
				CLANG_ANALYZER_NONNULL = YES;
				CLANG_CXX_LANGUAGE_STANDARD = "gnu++0x";
				CLANG_CXX_LIBRARY = "libc++";
				CLANG_ENABLE_MODULES = YES;
				CLANG_ENABLE_OBJC_ARC = YES;
				CLANG_WARN_BOOL_CONVERSION = YES;
				CLANG_WARN_CONSTANT_CONVERSION = YES;
				CLANG_WARN_DIRECT_OBJC_ISA_USAGE = YES_ERROR;
				CLANG_WARN_DOCUMENTATION_COMMENTS = YES;
				CLANG_WARN_EMPTY_BODY = YES;
				CLANG_WARN_ENUM_CONVERSION = YES;
				CLANG_WARN_INFINITE_RECURSION = YES;
				CLANG_WARN_INT_CONVERSION = YES;
				CLANG_WARN_OBJC_ROOT_CLASS = YES_ERROR;
				CLANG_WARN_SUSPICIOUS_MOVE = YES;
				CLANG_WARN_UNREACHABLE_CODE = YES;
				CLANG_WARN__DUPLICATE_METHOD_MATCH = YES;
				"CODE_SIGN_IDENTITY[sdk=iphoneos*]" = "iPhone Developer";
				COPY_PHASE_STRIP = NO;
				DEBUG_INFORMATION_FORMAT = "dwarf-with-dsym";
				ENABLE_NS_ASSERTIONS = NO;
				ENABLE_STRICT_OBJC_MSGSEND = YES;
				GCC_C_LANGUAGE_STANDARD = gnu99;
				GCC_NO_COMMON_BLOCKS = YES;
				GCC_WARN_64_TO_32_BIT_CONVERSION = YES;
				GCC_WARN_ABOUT_RETURN_TYPE = YES_ERROR;
				GCC_WARN_UNDECLARED_SELECTOR = YES;
				GCC_WARN_UNINITIALIZED_AUTOS = YES_AGGRESSIVE;
				GCC_WARN_UNUSED_FUNCTION = YES;
				GCC_WARN_UNUSED_VARIABLE = YES;
				IPHONEOS_DEPLOYMENT_TARGET = 10.2;
				MTL_ENABLE_DEBUG_INFO = NO;
				SDKROOT = iphoneos;
				SWIFT_OPTIMIZATION_LEVEL = "-Owholemodule";
				TARGETED_DEVICE_FAMILY = "1,2";
				VALIDATE_PRODUCT = YES;
			};
			name = Release;
		};
		EC6DE0BC1E7684AA00EF23EE /* Debug */ = {
			isa = XCBuildConfiguration;
			buildSettings = {
				ASSETCATALOG_COMPILER_APPICON_NAME = AppIcon;
				INFOPLIST_FILE = Swift_Animation/Info.plist;
				LD_RUNPATH_SEARCH_PATHS = "$(inherited) @executable_path/Frameworks";
				PRODUCT_BUNDLE_IDENTIFIER = "lulu.Chen.Swift-Animation";
				PRODUCT_NAME = "$(TARGET_NAME)";
				SWIFT_VERSION = 3.0;
			};
			name = Debug;
		};
		EC6DE0BD1E7684AA00EF23EE /* Release */ = {
			isa = XCBuildConfiguration;
			buildSettings = {
				ASSETCATALOG_COMPILER_APPICON_NAME = AppIcon;
				INFOPLIST_FILE = Swift_Animation/Info.plist;
				LD_RUNPATH_SEARCH_PATHS = "$(inherited) @executable_path/Frameworks";
				PRODUCT_BUNDLE_IDENTIFIER = "lulu.Chen.Swift-Animation";
				PRODUCT_NAME = "$(TARGET_NAME)";
				SWIFT_VERSION = 3.0;
			};
			name = Release;
		};
/* End XCBuildConfiguration section */

/* Begin XCConfigurationList section */
		EC6DE0A41E7684AA00EF23EE /* Build configuration list for PBXProject "Swift_Animation" */ = {
			isa = XCConfigurationList;
			buildConfigurations = (
				EC6DE0B91E7684AA00EF23EE /* Debug */,
				EC6DE0BA1E7684AA00EF23EE /* Release */,
			);
			defaultConfigurationIsVisible = 0;
			defaultConfigurationName = Release;
		};
		EC6DE0BB1E7684AA00EF23EE /* Build configuration list for PBXNativeTarget "Swift_Animation" */ = {
			isa = XCConfigurationList;
			buildConfigurations = (
				EC6DE0BC1E7684AA00EF23EE /* Debug */,
				EC6DE0BD1E7684AA00EF23EE /* Release */,
			);
			defaultConfigurationIsVisible = 0;
			defaultConfigurationName = Release;
		};
/* End XCConfigurationList section */
	};
	rootObject = EC6DE0A11E7684AA00EF23EE /* Project object */;
}
